# THIS IS AN AUTOGENERATED FILE. DO NOT EDIT THIS FILE DIRECTLY.
# yarn lockfile v1


fuse.js@^3.4.4:
  version "3.4.4"
  resolved "https://registry.yarnpkg.com/fuse.js/-/fuse.js-3.4.4.tgz#f98f55fcb3b595cf6a3e629c5ffaf10982103e95"
  integrity sha512-pyLQo/1oR5Ywf+a/tY8z4JygnIglmRxVUOiyFAbd11o9keUDpUJSMGRWJngcnkURj30kDHPmhoKY8ChJiz3EpQ==
